{
  "name": "docker-wrap",
  "version": "2.0.0",
  "lockfileVersion": 2,
  "requires": true,
  "packages": {
    "": {
      "name": "docker-wrap",
      "version": "2.0.0",
      "license": "MIT",
      "dependencies": {
        "tempfile": "4.0.0"
      }
    },
    "node_modules/temp-dir": {
      "version": "2.0.0",
      "resolved": "https://registry.npmjs.org/temp-dir/-/temp-dir-2.0.0.tgz",
      "integrity": "sha512-aoBAniQmmwtcKp/7BzsH8Cxzv8OL736p7v1ihGb5e9DJ9kTwGWHrQrVB5+lfVDzfGrdRzXch+ig7LHaY1JTOrg==",
      "engines": {
        "node": ">=8"
      }
    },
    "node_modules/tempfile": {
      "version": "4.0.0",
      "resolved": "https://registry.npmjs.org/tempfile/-/tempfile-4.0.0.tgz",
      "integrity": "sha512-dNH6UWyI8kijDmLVb0IJvCG4JZ5uOmy40CLoi/dVySL49v0f0Y+jIN2rE6Hj85y8mIIya1vwpKZlL9jASs5ktg==",
      "dependencies": {
        "temp-dir": "^2.0.0",
        "uuid": "^8.3.2"
      },
      "engines": {
        "node": ">=12.20"
      },
      "funding": {
        "url": "https://github.com/sponsors/sindresorhus"
      }
    },
    "node_modules/uuid": {
      "version": "8.3.2",
      "resolved": "https://registry.npmjs.org/uuid/-/uuid-8.3.2.tgz",
      "integrity": "sha512-+NYs2QeMWy+GWFOEm9xnn6HCDp0l7QBD7ml8zLUmJ+93Q5NF0NocErnwkTkXVFNiX3/fpC6afS8Dhb/gz7R7eg==",
      "bin": {
        "uuid": "dist/bin/uuid"
      }
    }
  },
  "dependencies": {
    "temp-dir": {
      "version": "2.0.0",
      "resolved": "https://registry.npmjs.org/temp-dir/-/temp-dir-2.0.0.tgz",
      "integrity": "sha512-aoBAniQmmwtcKp/7BzsH8Cxzv8OL736p7v1ihGb5e9DJ9kTwGWHrQrVB5+lfVDzfGrdRzXch+ig7LHaY1JTOrg=="
    },
    "tempfile": {
      "version": "4.0.0",
      "resolved": "https://registry.npmjs.org/tempfile/-/tempfile-4.0.0.tgz",
      "integrity": "sha512-dNH6UWyI8kijDmLVb0IJvCG4JZ5uOmy40CLoi/dVySL49v0f0Y+jIN2rE6Hj85y8mIIya1vwpKZlL9jASs5ktg==",
      "requires": {
        "temp-dir": "^2.0.0",
        "uuid": "^8.3.2"
      }
    },
    "uuid": {
      "version": "8.3.2",
      "resolved": "https://registry.npmjs.org/uuid/-/uuid-8.3.2.tgz",
      "integrity": "sha512-+NYs2QeMWy+GWFOEm9xnn6HCDp0l7QBD7ml8zLUmJ+93Q5NF0NocErnwkTkXVFNiX3/fpC6afS8Dhb/gz7R7eg=="
    }
  }
}
