{
  "name": "docker-wrap",
  "version": "0.0.1",
  "lockfileVersion": 2,
  "requires": true,
  "packages": {
    "": {
      "name": "docker-wrap",
      "version": "0.0.1",
      "license": "MIT",
      "dependencies": {
        "cli-table-2-json": "1.0.13",
        "tempfile": "4.0.0"
      }
    },
    "node_modules/@types/blue-tape": {
      "version": "0.1.33",
      "resolved": "https://registry.npmjs.org/@types/blue-tape/-/blue-tape-0.1.33.tgz",
      "integrity": "sha512-l5cQcLM3aPh55bBQ4geWQ8hZ4Ew+s4RvyhMaBpgW3aJ2HUfRgwd8ENKrk/utC4Hz1dJAiehyIa4vN6emxBMaog==",
      "dependencies": {
        "@types/node": "*",
        "@types/tape": "*"
      }
    },
    "node_modules/@types/lodash": {
      "version": "4.14.119",
      "resolved": "https://registry.npmjs.org/@types/lodash/-/lodash-4.14.119.tgz",
      "integrity": "sha512-Z3TNyBL8Vd/M9D9Ms2S3LmFq2sSMzahodD6rCS9V2N44HUMINb75jNkSuwAx7eo2ufqTdfOdtGQpNbieUjPQmw=="
    },
    "node_modules/@types/node": {
      "version": "18.11.9",
      "resolved": "https://registry.npmjs.org/@types/node/-/node-18.11.9.tgz",
      "integrity": "sha512-CRpX21/kGdzjOpFsZSkcrXMGIBWMGNIHXXBVFSH+ggkftxg+XYP20TESbh+zFvFj3EQOl5byk0HTRn1IL6hbqg=="
    },
    "node_modules/@types/tape": {
      "version": "4.13.2",
      "resolved": "https://registry.npmjs.org/@types/tape/-/tape-4.13.2.tgz",
      "integrity": "sha512-V1ez/RtYRGN9cNYApw5xf27DpMkTB0033X6a2i3KUmKhSojBfbWN0i3EgZxboUG96WJLHLdOyZ01aiZwVW5aSA==",
      "dependencies": {
        "@types/node": "*"
      }
    },
    "node_modules/cli-table-2-json": {
      "version": "1.0.13",
      "resolved": "https://registry.npmjs.org/cli-table-2-json/-/cli-table-2-json-1.0.13.tgz",
      "integrity": "sha512-CpUj9dubfuIZSEezwUPycAJqM2dlATyyRUyBkfGeK2KNfrqK3XrdaBohMt0XlkEvsZyDfUEmPWCNvUO+a/7Wsw==",
      "dependencies": {
        "@types/blue-tape": "^0.1.30",
        "@types/lodash": "4.14.119",
        "lodash": "^4.17.15"
      }
    },
    "node_modules/lodash": {
      "version": "4.17.21",
      "resolved": "https://registry.npmjs.org/lodash/-/lodash-4.17.21.tgz",
      "integrity": "sha512-v2kDEe57lecTulaDIuNTPy3Ry4gLGJ6Z1O3vE1krgXZNrsQ+LFTGHVxVjcXPs17LhbZVGedAJv8XZ1tvj5FvSg=="
    },
    "node_modules/temp-dir": {
      "version": "2.0.0",
      "resolved": "https://registry.npmjs.org/temp-dir/-/temp-dir-2.0.0.tgz",
      "integrity": "sha512-aoBAniQmmwtcKp/7BzsH8Cxzv8OL736p7v1ihGb5e9DJ9kTwGWHrQrVB5+lfVDzfGrdRzXch+ig7LHaY1JTOrg==",
      "engines": {
        "node": ">=8"
      }
    },
    "node_modules/tempfile": {
      "version": "4.0.0",
      "resolved": "https://registry.npmjs.org/tempfile/-/tempfile-4.0.0.tgz",
      "integrity": "sha512-dNH6UWyI8kijDmLVb0IJvCG4JZ5uOmy40CLoi/dVySL49v0f0Y+jIN2rE6Hj85y8mIIya1vwpKZlL9jASs5ktg==",
      "dependencies": {
        "temp-dir": "^2.0.0",
        "uuid": "^8.3.2"
      },
      "engines": {
        "node": ">=12.20"
      },
      "funding": {
        "url": "https://github.com/sponsors/sindresorhus"
      }
    },
    "node_modules/uuid": {
      "version": "8.3.2",
      "resolved": "https://registry.npmjs.org/uuid/-/uuid-8.3.2.tgz",
      "integrity": "sha512-+NYs2QeMWy+GWFOEm9xnn6HCDp0l7QBD7ml8zLUmJ+93Q5NF0NocErnwkTkXVFNiX3/fpC6afS8Dhb/gz7R7eg==",
      "bin": {
        "uuid": "dist/bin/uuid"
      }
    }
  },
  "dependencies": {
    "@types/blue-tape": {
      "version": "0.1.33",
      "resolved": "https://registry.npmjs.org/@types/blue-tape/-/blue-tape-0.1.33.tgz",
      "integrity": "sha512-l5cQcLM3aPh55bBQ4geWQ8hZ4Ew+s4RvyhMaBpgW3aJ2HUfRgwd8ENKrk/utC4Hz1dJAiehyIa4vN6emxBMaog==",
      "requires": {
        "@types/node": "*",
        "@types/tape": "*"
      }
    },
    "@types/lodash": {
      "version": "4.14.119",
      "resolved": "https://registry.npmjs.org/@types/lodash/-/lodash-4.14.119.tgz",
      "integrity": "sha512-Z3TNyBL8Vd/M9D9Ms2S3LmFq2sSMzahodD6rCS9V2N44HUMINb75jNkSuwAx7eo2ufqTdfOdtGQpNbieUjPQmw=="
    },
    "@types/node": {
      "version": "18.11.9",
      "resolved": "https://registry.npmjs.org/@types/node/-/node-18.11.9.tgz",
      "integrity": "sha512-CRpX21/kGdzjOpFsZSkcrXMGIBWMGNIHXXBVFSH+ggkftxg+XYP20TESbh+zFvFj3EQOl5byk0HTRn1IL6hbqg=="
    },
    "@types/tape": {
      "version": "4.13.2",
      "resolved": "https://registry.npmjs.org/@types/tape/-/tape-4.13.2.tgz",
      "integrity": "sha512-V1ez/RtYRGN9cNYApw5xf27DpMkTB0033X6a2i3KUmKhSojBfbWN0i3EgZxboUG96WJLHLdOyZ01aiZwVW5aSA==",
      "requires": {
        "@types/node": "*"
      }
    },
    "cli-table-2-json": {
      "version": "1.0.13",
      "resolved": "https://registry.npmjs.org/cli-table-2-json/-/cli-table-2-json-1.0.13.tgz",
      "integrity": "sha512-CpUj9dubfuIZSEezwUPycAJqM2dlATyyRUyBkfGeK2KNfrqK3XrdaBohMt0XlkEvsZyDfUEmPWCNvUO+a/7Wsw==",
      "requires": {
        "@types/blue-tape": "^0.1.30",
        "@types/lodash": "4.14.119",
        "lodash": "^4.17.15"
      }
    },
    "lodash": {
      "version": "4.17.21",
      "resolved": "https://registry.npmjs.org/lodash/-/lodash-4.17.21.tgz",
      "integrity": "sha512-v2kDEe57lecTulaDIuNTPy3Ry4gLGJ6Z1O3vE1krgXZNrsQ+LFTGHVxVjcXPs17LhbZVGedAJv8XZ1tvj5FvSg=="
    },
    "temp-dir": {
      "version": "2.0.0",
      "resolved": "https://registry.npmjs.org/temp-dir/-/temp-dir-2.0.0.tgz",
      "integrity": "sha512-aoBAniQmmwtcKp/7BzsH8Cxzv8OL736p7v1ihGb5e9DJ9kTwGWHrQrVB5+lfVDzfGrdRzXch+ig7LHaY1JTOrg=="
    },
    "tempfile": {
      "version": "4.0.0",
      "resolved": "https://registry.npmjs.org/tempfile/-/tempfile-4.0.0.tgz",
      "integrity": "sha512-dNH6UWyI8kijDmLVb0IJvCG4JZ5uOmy40CLoi/dVySL49v0f0Y+jIN2rE6Hj85y8mIIya1vwpKZlL9jASs5ktg==",
      "requires": {
        "temp-dir": "^2.0.0",
        "uuid": "^8.3.2"
      }
    },
    "uuid": {
      "version": "8.3.2",
      "resolved": "https://registry.npmjs.org/uuid/-/uuid-8.3.2.tgz",
      "integrity": "sha512-+NYs2QeMWy+GWFOEm9xnn6HCDp0l7QBD7ml8zLUmJ+93Q5NF0NocErnwkTkXVFNiX3/fpC6afS8Dhb/gz7R7eg=="
    }
  }
}
